
Microsoft Visual Studio Solution File, Format Version 12.00
# Visual Studio Version 17
VisualStudioVersion = 17.4.33403.182
MinimumVisualStudioVersion = 10.0.40219.1
Project("{9A19103F-16F7-4668-BE54-9A1E7A4F7556}") = "BuildingProgram", "BuildingProgram\BuildingProgram.csproj", "{C5383151-BDF7-4EF4-8C72-3FCE5828ADEF}"
EndProject
Global
	GlobalSection(SolutionConfigurationPlatforms) = preSolution
		Debug|Any CPU = Debug|Any CPU
		Release|Any CPU = Release|Any CPU
	EndGlobalSection
	GlobalSection(ProjectConfigurationPlatforms) = postSolution
		{C5383151-BDF7-4EF4-8C72-3FCE5828ADEF}.Debug|Any CPU.ActiveCfg = Debug|Any CPU
		{C5383151-BDF7-4EF4-8C72-3FCE5828ADEF}.Debug|Any CPU.Build.0 = Debug|Any CPU
		{C5383151-BDF7-4EF4-8C72-3FCE5828ADEF}.Release|Any CPU.ActiveCfg = Release|Any CPU
		{C5383151-BDF7-4EF4-8C72-3FCE5828ADEF}.Release|Any CPU.Build.0 = Release|Any CPU
	EndGlobalSection
	GlobalSection(SolutionProperties) = preSolution
		HideSolutionNode = FALSE
	EndGlobalSection
	GlobalSection(ExtensibilityGlobals) = postSolution
		SolutionGuid = {AB40475C-27E6-4DA1-9149-F7627A4E0CF7}
	EndGlobalSection
EndGlobal
